{
  "lockfileVersion": 1,
  "workspaces": {
    "": {
      "name": "sapphire-boilerplate",
      "dependencies": {
        "@kingsworld/plugin-cron": "^3.0.5",
        "@sapphire/decorators": "^6.2.0",
        "@sapphire/framework": "^5.3.6",
        "@sapphire/plugin-logger": "^4.0.2",
        "@sapphire/plugin-utilities-store": "^2.0.3",
        "discord.js": "^14.19.3",
        "zod": "^3.25.62",
      },
      "devDependencies": {
        "@biomejs/biome": "^1.9.4",
        "@types/bun": "^1.2.15",
        "lefthook": "^1.11.13",
        "prisma": "^6.9.0",
      },
      "peerDependencies": {
        "typescript": "5.7.3",
      },
    },
  },
  "packages": {
    "@biomejs/biome": ["@biomejs/biome@1.9.4", "", { "optionalDependencies": { "@biomejs/cli-darwin-arm64": "1.9.4", "@biomejs/cli-darwin-x64": "1.9.4", "@biomejs/cli-linux-arm64": "1.9.4", "@biomejs/cli-linux-arm64-musl": "1.9.4", "@biomejs/cli-linux-x64": "1.9.4", "@biomejs/cli-linux-x64-musl": "1.9.4", "@biomejs/cli-win32-arm64": "1.9.4", "@biomejs/cli-win32-x64": "1.9.4" }, "bin": { "biome": "bin/biome" } }, "sha512-1rkd7G70+o9KkTn5KLmDYXihGoTaIGO9PIIN2ZB7UJxFrWw04CZHPYiMRjYsaDvVV7hP1dYNRLxSANLaBFGpog=="],

    "@biomejs/cli-darwin-arm64": ["@biomejs/cli-darwin-arm64@1.9.4", "", { "os": "darwin", "cpu": "arm64" }, "sha512-bFBsPWrNvkdKrNCYeAp+xo2HecOGPAy9WyNyB/jKnnedgzl4W4Hb9ZMzYNbf8dMCGmUdSavlYHiR01QaYR58cw=="],

    "@biomejs/cli-darwin-x64": ["@biomejs/cli-darwin-x64@1.9.4", "", { "os": "darwin", "cpu": "x64" }, "sha512-ngYBh/+bEedqkSevPVhLP4QfVPCpb+4BBe2p7Xs32dBgs7rh9nY2AIYUL6BgLw1JVXV8GlpKmb/hNiuIxfPfZg=="],

    "@biomejs/cli-linux-arm64": ["@biomejs/cli-linux-arm64@1.9.4", "", { "os": "linux", "cpu": "arm64" }, "sha512-fJIW0+LYujdjUgJJuwesP4EjIBl/N/TcOX3IvIHJQNsAqvV2CHIogsmA94BPG6jZATS4Hi+xv4SkBBQSt1N4/g=="],

    "@biomejs/cli-linux-arm64-musl": ["@biomejs/cli-linux-arm64-musl@1.9.4", "", { "os": "linux", "cpu": "arm64" }, "sha512-v665Ct9WCRjGa8+kTr0CzApU0+XXtRgwmzIf1SeKSGAv+2scAlW6JR5PMFo6FzqqZ64Po79cKODKf3/AAmECqA=="],

    "@biomejs/cli-linux-x64": ["@biomejs/cli-linux-x64@1.9.4", "", { "os": "linux", "cpu": "x64" }, "sha512-lRCJv/Vi3Vlwmbd6K+oQ0KhLHMAysN8lXoCI7XeHlxaajk06u7G+UsFSO01NAs5iYuWKmVZjmiOzJ0OJmGsMwg=="],

    "@biomejs/cli-linux-x64-musl": ["@biomejs/cli-linux-x64-musl@1.9.4", "", { "os": "linux", "cpu": "x64" }, "sha512-gEhi/jSBhZ2m6wjV530Yy8+fNqG8PAinM3oV7CyO+6c3CEh16Eizm21uHVsyVBEB6RIM8JHIl6AGYCv6Q6Q9Tg=="],

    "@biomejs/cli-win32-arm64": ["@biomejs/cli-win32-arm64@1.9.4", "", { "os": "win32", "cpu": "arm64" }, "sha512-tlbhLk+WXZmgwoIKwHIHEBZUwxml7bRJgk0X2sPyNR3S93cdRq6XulAZRQJ17FYGGzWne0fgrXBKpl7l4M87Hg=="],

    "@biomejs/cli-win32-x64": ["@biomejs/cli-win32-x64@1.9.4", "", { "os": "win32", "cpu": "x64" }, "sha512-8Y5wMhVIPaWe6jw2H+KlEm4wP/f7EW3810ZLmDlrEEy5KvBsb9ECEfu/kMWD484ijfQ8+nIi0giMgu9g1UAuuA=="],

    "@discordjs/builders": ["@discordjs/builders@1.11.2", "", { "dependencies": { "@discordjs/formatters": "^0.6.1", "@discordjs/util": "^1.1.1", "@sapphire/shapeshift": "^4.0.0", "discord-api-types": "^0.38.1", "fast-deep-equal": "^3.1.3", "ts-mixer": "^6.0.4", "tslib": "^2.6.3" } }, "sha512-F1WTABdd8/R9D1icJzajC4IuLyyS8f3rTOz66JsSI3pKvpCAtsMBweu8cyNYsIyvcrKAVn9EPK+Psoymq+XC0A=="],

    "@discordjs/collection": ["@discordjs/collection@1.5.3", "", {}, "sha512-SVb428OMd3WO1paV3rm6tSjM4wC+Kecaa1EUGX7vc6/fddvw/6lg90z4QtCqm21zvVe92vMMDt9+DkIvjXImQQ=="],

    "@discordjs/formatters": ["@discordjs/formatters@0.6.1", "", { "dependencies": { "discord-api-types": "^0.38.1" } }, "sha512-5cnX+tASiPCqCWtFcFslxBVUaCetB0thvM/JyavhbXInP1HJIEU+Qv/zMrnuwSsX3yWH2lVXNJZeDK3EiP4HHg=="],

    "@discordjs/rest": ["@discordjs/rest@2.5.1", "", { "dependencies": { "@discordjs/collection": "^2.1.1", "@discordjs/util": "^1.1.1", "@sapphire/async-queue": "^1.5.3", "@sapphire/snowflake": "^3.5.3", "@vladfrangu/async_event_emitter": "^2.4.6", "discord-api-types": "^0.38.1", "magic-bytes.js": "^1.10.0", "tslib": "^2.6.3", "undici": "6.21.3" } }, "sha512-Tg9840IneBcbrAjcGaQzHUJWFNq1MMWZjTdjJ0WS/89IffaNKc++iOvffucPxQTF/gviO9+9r8kEPea1X5J2Dw=="],

    "@discordjs/util": ["@discordjs/util@1.1.1", "", {}, "sha512-eddz6UnOBEB1oITPinyrB2Pttej49M9FZQY8NxgEvc3tq6ZICZ19m70RsmzRdDHk80O9NoYN/25AqJl8vPVf/g=="],

    "@discordjs/ws": ["@discordjs/ws@1.2.3", "", { "dependencies": { "@discordjs/collection": "^2.1.0", "@discordjs/rest": "^2.5.1", "@discordjs/util": "^1.1.0", "@sapphire/async-queue": "^1.5.2", "@types/ws": "^8.5.10", "@vladfrangu/async_event_emitter": "^2.2.4", "discord-api-types": "^0.38.1", "tslib": "^2.6.2", "ws": "^8.17.0" } }, "sha512-wPlQDxEmlDg5IxhJPuxXr3Vy9AjYq5xCvFWGJyD7w7Np8ZGu+Mc+97LCoEc/+AYCo2IDpKioiH0/c/mj5ZR9Uw=="],

    "@kingsworld/plugin-cron": ["@kingsworld/plugin-cron@3.0.5", "", { "dependencies": { "croner": "^9.0.0" } }, "sha512-s66sxgxDqadpX6rLq9hqlEgKJ1QoDySEKhXJ+G3T0Wcxap+AA+UhiyTorvZ2pqbX9Y1EgcHBMzM7umJzaK6vfQ=="],

    "@prisma/config": ["@prisma/config@6.10.1", "", { "dependencies": { "jiti": "2.4.2" } }, "sha512-kz4/bnqrOrzWo8KzYguN0cden4CzLJJ+2VSpKtF8utHS3l1JS0Lhv6BLwpOX6X9yNreTbZQZwewb+/BMPDCIYQ=="],

    "@prisma/debug": ["@prisma/debug@6.10.1", "", {}, "sha512-k2YT53cWxv9OLjW4zSYTZ6Z7j0gPfCzcr2Mj99qsuvlxr8WAKSZ2NcSR0zLf/mP4oxnYG842IMj3utTgcd7CaA=="],

    "@prisma/engines": ["@prisma/engines@6.10.1", "", { "dependencies": { "@prisma/debug": "6.10.1", "@prisma/engines-version": "6.10.1-1.9b628578b3b7cae625e8c927178f15a170e74a9c", "@prisma/fetch-engine": "6.10.1", "@prisma/get-platform": "6.10.1" } }, "sha512-Q07P5rS2iPwk2IQr/rUQJ42tHjpPyFcbiH7PXZlV81Ryr9NYIgdxcUrwgVOWVm5T7ap02C0dNd1dpnNcSWig8A=="],

    "@prisma/engines-version": ["@prisma/engines-version@6.10.1-1.9b628578b3b7cae625e8c927178f15a170e74a9c", "", {}, "sha512-ZJFTsEqapiTYVzXya6TUKYDFnSWCNegfUiG5ik9fleQva5Sk3DNyyUi7X1+0ZxWFHwHDr6BZV5Vm+iwP+LlciA=="],

    "@prisma/fetch-engine": ["@prisma/fetch-engine@6.10.1", "", { "dependencies": { "@prisma/debug": "6.10.1", "@prisma/engines-version": "6.10.1-1.9b628578b3b7cae625e8c927178f15a170e74a9c", "@prisma/get-platform": "6.10.1" } }, "sha512-clmbG/Jgmrc/n6Y77QcBmAUlq9LrwI9Dbgy4pq5jeEARBpRCWJDJ7PWW1P8p0LfFU0i5fsyO7FqRzRB8mkdS4g=="],

    "@prisma/get-platform": ["@prisma/get-platform@6.10.1", "", { "dependencies": { "@prisma/debug": "6.10.1" } }, "sha512-4CY5ndKylcsce9Mv+VWp5obbR2/86SHOLVV053pwIkhVtT9C9A83yqiqI/5kJM9T1v1u1qco/bYjDKycmei9HA=="],

    "@sapphire/async-queue": ["@sapphire/async-queue@1.5.5", "", {}, "sha512-cvGzxbba6sav2zZkH8GPf2oGk9yYoD5qrNWdu9fRehifgnFZJMV+nuy2nON2roRO4yQQ+v7MK/Pktl/HgfsUXg=="],

    "@sapphire/decorators": ["@sapphire/decorators@6.2.0", "", { "dependencies": { "tslib": "^2.8.1" } }, "sha512-st1DNDCNoZaZYz3fgCA99W87Bhe6XqM8y0G+Z9NBOBEqvOYkVNGcPMDrMiaZrPD9Z471k8fpLqJVUNSuWUx8Hg=="],

    "@sapphire/discord-utilities": ["@sapphire/discord-utilities@3.5.0", "", { "dependencies": { "discord-api-types": "^0.38.1" } }, "sha512-H4SY5KTVDZrqA5QG7ob6etwqhdOb3TRSY2wv56f0tiobUdIr0irlrYvdmr8Kg/FRxWU+aiHDIISWGG5vBuxOGw=="],

    "@sapphire/discord.js-utilities": ["@sapphire/discord.js-utilities@7.3.3", "", { "dependencies": { "@sapphire/discord-utilities": "^3.5.0", "@sapphire/duration": "^1.2.0", "@sapphire/utilities": "^3.18.2", "tslib": "^2.8.1" } }, "sha512-WDj+zjWgNCUSvzYDD0wY3TVeTUseHq0Nhk0wVWxSDjY8z2gFEVcpY7wF8/fbTDWP44LUG5sUQ4haIrIj2OjmkQ=="],

    "@sapphire/duration": ["@sapphire/duration@1.2.0", "", {}, "sha512-LxjOAFXz81WmrI8XX9YaVcAZDjQj/1p78lZCvkAWZB1nphOwz/D0dU3CBejmhOWx5dO5CszTkLJMNR0xuCK+Zg=="],

    "@sapphire/framework": ["@sapphire/framework@5.3.6", "", { "dependencies": { "@discordjs/builders": "^1.11.2", "@sapphire/discord-utilities": "^3.5.0", "@sapphire/discord.js-utilities": "^7.3.3", "@sapphire/lexure": "^1.1.10", "@sapphire/pieces": "^4.4.1", "@sapphire/ratelimits": "^2.4.11", "@sapphire/result": "^2.7.2", "@sapphire/stopwatch": "^1.5.4", "@sapphire/utilities": "^3.18.2" } }, "sha512-VDNsW6S8uMTVXUGSu9fwOYZ3zaMIQbgVvrglnPpjKSmW4GA6M3iewPZgtH/PDtqOXQe6khj1gY1ouhZnyYitNg=="],

    "@sapphire/lexure": ["@sapphire/lexure@1.1.10", "", { "dependencies": { "@sapphire/result": "^2.7.2" } }, "sha512-odE4FD0SkCxkwEOhzAOqEnCJ/oJlPUuyFEw2KJacIuGiwY86WRTPIHLg1rt6XmfSYLxGXiqRf74req43+wRV9g=="],

    "@sapphire/pieces": ["@sapphire/pieces@4.4.1", "", { "dependencies": { "@discordjs/collection": "^2.1.1", "@sapphire/utilities": "^3.18.2", "tslib": "^2.8.1" } }, "sha512-2v49P++RzHGb23bdjSa9u7flkdvhrq94IUO9PneY538TILN5QiMxfaXVK+pDR2YR7jpQYBy9APwtFDes2Svykg=="],

    "@sapphire/plugin-logger": ["@sapphire/plugin-logger@4.0.2", "", { "dependencies": { "@sapphire/timestamp": "^1.0.3", "colorette": "^2.0.20" } }, "sha512-5Nr++u+fA3/jZwj1aL9Z16RgyJZRE1gyUftfWjrzdndE5FkcbnLiVCKvnI8WzSupVhdn6kMaCWAteOSgAaq3lQ=="],

    "@sapphire/plugin-utilities-store": ["@sapphire/plugin-utilities-store@2.0.3", "", {}, "sha512-L/C7cdk2q+Yrbrq6xWNoDlb4Pb4SIoULJpFNMO4TXFJV6ldXBmQWF3A0mW1l7CGc6GiiOCCMEXbteYFFnqRo7Q=="],

    "@sapphire/ratelimits": ["@sapphire/ratelimits@2.4.11", "", {}, "sha512-O6FNA/P0wxU4Ve9gxL948CoZw7+sSpujyUR2CLyLLCNuNvuFGFxPCJVl5crFVLXMIyBIrc2qk+/H9bsqsyQK1Q=="],

    "@sapphire/result": ["@sapphire/result@2.7.2", "", {}, "sha512-DJbCGmvi8UZAu/hh85auQL8bODFlpcS3cWjRJZ5/cXTLekmGvs/CrRxrIzwbA6+poyYojo5rK4qu8trmjfneog=="],

    "@sapphire/shapeshift": ["@sapphire/shapeshift@4.0.0", "", { "dependencies": { "fast-deep-equal": "^3.1.3", "lodash": "^4.17.21" } }, "sha512-d9dUmWVA7MMiKobL3VpLF8P2aeanRTu6ypG2OIaEv/ZHH/SUQ2iHOVyi5wAPjQ+HmnMuL0whK9ez8I/raWbtIg=="],

    "@sapphire/snowflake": ["@sapphire/snowflake@3.5.3", "", {}, "sha512-jjmJywLAFoWeBi1W7994zZyiNWPIiqRRNAmSERxyg93xRGzNYvGjlZ0gR6x0F4gPRi2+0O6S71kOZYyr3cxaIQ=="],

    "@sapphire/stopwatch": ["@sapphire/stopwatch@1.5.4", "", { "dependencies": { "tslib": "^2.8.1" } }, "sha512-IVI48D2yAz411bSttXyTkBH0p2vhrXoqWLn5loDDSAAEUGkM1r5KNCX2027ifQ8svdoMkUfIGjFueR+satLeWw=="],

    "@sapphire/timestamp": ["@sapphire/timestamp@1.0.5", "", {}, "sha512-oNwWyNdbt5wm4aYZvlHl1+64U3g0xrFmRIHsnER7RgMxNnp/wmAE4yTK2oUHeadg3t4V9iYctPAQCF+aINke4g=="],

    "@sapphire/utilities": ["@sapphire/utilities@3.18.2", "", {}, "sha512-QGLdC9+pT74Zd7aaObqn0EUfq40c4dyTL65pFnkM6WO1QYN7Yg/s4CdH+CXmx0Zcu6wcfCWILSftXPMosJHP5A=="],

    "@types/bun": ["@types/bun@1.2.16", "", { "dependencies": { "bun-types": "1.2.16" } }, "sha512-1aCZJ/6nSiViw339RsaNhkNoEloLaPzZhxMOYEa7OzRzO41IGg5n/7I43/ZIAW/c+Q6cT12Vf7fOZOoVIzb5BQ=="],

    "@types/node": ["@types/node@22.15.18", "", { "dependencies": { "undici-types": "~6.21.0" } }, "sha512-v1DKRfUdyW+jJhZNEI1PYy29S2YRxMV5AOO/x/SjKmW0acCIOqmbj6Haf9eHAhsPmrhlHSxEhv/1WszcLWV4cg=="],

    "@types/ws": ["@types/ws@8.18.1", "", { "dependencies": { "@types/node": "*" } }, "sha512-ThVF6DCVhA8kUGy+aazFQ4kXQ7E1Ty7A3ypFOe0IcJV8O/M511G99AW24irKrW56Wt44yG9+ij8FaqoBGkuBXg=="],

    "@vladfrangu/async_event_emitter": ["@vladfrangu/async_event_emitter@2.4.6", "", {}, "sha512-RaI5qZo6D2CVS6sTHFKg1v5Ohq/+Bo2LZ5gzUEwZ/WkHhwtGTCB/sVLw8ijOkAUxasZ+WshN/Rzj4ywsABJ5ZA=="],

    "bun-types": ["bun-types@1.2.16", "", { "dependencies": { "@types/node": "*" } }, "sha512-ciXLrHV4PXax9vHvUrkvun9VPVGOVwbbbBF/Ev1cXz12lyEZMoJpIJABOfPcN9gDJRaiKF9MVbSygLg4NXu3/A=="],

    "colorette": ["colorette@2.0.20", "", {}, "sha512-IfEDxwoWIjkeXL1eXcDiow4UbKjhLdq6/EuSVR9GMN7KVH3r9gQ83e73hsz1Nd1T3ijd5xv1wcWRYO+D6kCI2w=="],

    "croner": ["croner@9.0.0", "", {}, "sha512-onMB0OkDjkXunhdW9htFjEhqrD54+M94i6ackoUkjHKbRnXdyEyKRelp4nJ1kAz32+s27jP1FsebpJCVl0BsvA=="],

    "discord-api-types": ["discord-api-types@0.38.8", "", {}, "sha512-xuRXPD44FcbKHrQK15FS1HFlMRNJtsaZou/SVws18vQ7zHqmlxyDktMkZpyvD6gE2ctGOVYC/jUyoMMAyBWfcw=="],

    "discord.js": ["discord.js@14.20.0", "", { "dependencies": { "@discordjs/builders": "^1.11.2", "@discordjs/collection": "1.5.3", "@discordjs/formatters": "^0.6.1", "@discordjs/rest": "^2.5.1", "@discordjs/util": "^1.1.1", "@discordjs/ws": "^1.2.3", "@sapphire/snowflake": "3.5.3", "discord-api-types": "^0.38.1", "fast-deep-equal": "3.1.3", "lodash.snakecase": "4.1.1", "magic-bytes.js": "^1.10.0", "tslib": "^2.6.3", "undici": "6.21.3" } }, "sha512-5fRTptK2vpuz+bTuAEUQLSo/3AgCSLHl6Mm9+/ofb+8cbbnjWllhtaqRBq7XcpzlBnfNEugKv8HvCwcOtIHpCg=="],

    "fast-deep-equal": ["fast-deep-equal@3.1.3", "", {}, "sha512-f3qQ9oQy9j2AhBe/H9VC91wLmKBCCU/gDOnKNAYG5hswO7BLKj09Hc5HYNz9cGI++xlpDCIgDaitVs03ATR84Q=="],

    "jiti": ["jiti@2.4.2", "", { "bin": { "jiti": "lib/jiti-cli.mjs" } }, "sha512-rg9zJN+G4n2nfJl5MW3BMygZX56zKPNVEYYqq7adpmMh4Jn2QNEwhvQlFy6jPVdcod7txZtKHWnyZiA3a0zP7A=="],

    "lefthook": ["lefthook@1.11.14", "", { "optionalDependencies": { "lefthook-darwin-arm64": "1.11.14", "lefthook-darwin-x64": "1.11.14", "lefthook-freebsd-arm64": "1.11.14", "lefthook-freebsd-x64": "1.11.14", "lefthook-linux-arm64": "1.11.14", "lefthook-linux-x64": "1.11.14", "lefthook-openbsd-arm64": "1.11.14", "lefthook-openbsd-x64": "1.11.14", "lefthook-windows-arm64": "1.11.14", "lefthook-windows-x64": "1.11.14" }, "bin": { "lefthook": "bin/index.js" } }, "sha512-Dv91Lnu/0jLT5pCZE0IkEfrpTXUhyX9WG4upEMPkKPCl5aBgJdoqVw/hbh8drcVrC6y7k1PqsRmWSERmO57weQ=="],

    "lefthook-darwin-arm64": ["lefthook-darwin-arm64@1.11.14", "", { "os": "darwin", "cpu": "arm64" }, "sha512-YPbUK6kGytY5W6aNUrzK7Vod3ynLVvj5JQiBh0DjlxCHMgIQPpFkDfwQzGw1E8CySyC95HXO83En5Ule8umS7g=="],

    "lefthook-darwin-x64": ["lefthook-darwin-x64@1.11.14", "", { "os": "darwin", "cpu": "x64" }, "sha512-l9RhSBp1SHqLCjSGWoeeVWqKcTBOMW8v2CCYrUt5eb6sik7AjT6+Neqf3sClsXH7SjELjj43yjmg6loqPtfDgg=="],

    "lefthook-freebsd-arm64": ["lefthook-freebsd-arm64@1.11.14", "", { "os": "freebsd", "cpu": "arm64" }, "sha512-oSdJKGGMohktFXC6faZCUt5afyHpDwWGIWAkHGgOXUVD/LiZDEn6U/8cQmKm1UAfBySuPTtfir0VeM04y6188g=="],

    "lefthook-freebsd-x64": ["lefthook-freebsd-x64@1.11.14", "", { "os": "freebsd", "cpu": "x64" }, "sha512-gZdMWZwOtIhIPK3GPYac7JhXrxF188gkw65i6O7CedS/meDlK2vjBv5BUVLeD/satv4+jibEdV0h4Qqu/xIh2A=="],

    "lefthook-linux-arm64": ["lefthook-linux-arm64@1.11.14", "", { "os": "linux", "cpu": "arm64" }, "sha512-sZmqbTsGQFQw7gbfi9eIHFOxfcs66QfZYLRMh1DktODhyhRXB8RtI6KMeKCtPEGLhbK55/I4TprC8Qvj86UBgw=="],

    "lefthook-linux-x64": ["lefthook-linux-x64@1.11.14", "", { "os": "linux", "cpu": "x64" }, "sha512-c+to1BRzFe419SNXAR6YpCBP8EVWxvUxlON3Z+efzmrHhdlhm7LvEoJcN4RQE4Gc2rJQJNe87OjsEZQkc4uQLg=="],

    "lefthook-openbsd-arm64": ["lefthook-openbsd-arm64@1.11.14", "", { "os": "openbsd", "cpu": "arm64" }, "sha512-fivG3D9G4ASRCTf3ecfz1WdnrHCW9pezaI8v1NVve8t6B2q0d0yeaje5dfhoAsAvwiFPRaMzka1Qaoyu8O8G9Q=="],

    "lefthook-openbsd-x64": ["lefthook-openbsd-x64@1.11.14", "", { "os": "openbsd", "cpu": "x64" }, "sha512-vikmG0jf7JVKR3be6Wk3l1jtEdedEqk1BTdsaHFX1bj0qk0azcqlZ819Wt/IoyIYDzQCHKowZ6DuXsRjT+RXWA=="],

    "lefthook-windows-arm64": ["lefthook-windows-arm64@1.11.14", "", { "os": "win32", "cpu": "arm64" }, "sha512-5PoAJ9QKaqxJn1NWrhrhXpAROpl/dT7bGTo7VMj2ATO1cpRatbn6p+ssvc3tgeriFThowFb1D11Fg6OlFLi6UQ=="],

    "lefthook-windows-x64": ["lefthook-windows-x64@1.11.14", "", { "os": "win32", "cpu": "x64" }, "sha512-kBeOPR0Aj5hQGxoBBntgz5/e/xaH5Vnzlq9lJjHW8sf23qu/JVUGg6ceCoicyVWJi+ZOBliTa8KzwCu+mgyJjw=="],

    "lodash": ["lodash@4.17.21", "", {}, "sha512-v2kDEe57lecTulaDIuNTPy3Ry4gLGJ6Z1O3vE1krgXZNrsQ+LFTGHVxVjcXPs17LhbZVGedAJv8XZ1tvj5FvSg=="],

    "lodash.snakecase": ["lodash.snakecase@4.1.1", "", {}, "sha512-QZ1d4xoBHYUeuouhEq3lk3Uq7ldgyFXGBhg04+oRLnIz8o9T65Eh+8YdroUwn846zchkA9yDsDl5CVVaV2nqYw=="],

    "magic-bytes.js": ["magic-bytes.js@1.12.1", "", {}, "sha512-ThQLOhN86ZkJ7qemtVRGYM+gRgR8GEXNli9H/PMvpnZsE44Xfh3wx9kGJaldg314v85m+bFW6WBMaVHJc/c3zA=="],

    "prisma": ["prisma@6.10.1", "", { "dependencies": { "@prisma/config": "6.10.1", "@prisma/engines": "6.10.1" }, "peerDependencies": { "typescript": ">=5.1.0" }, "optionalPeers": ["typescript"], "bin": { "prisma": "build/index.js" } }, "sha512-khhlC/G49E4+uyA3T3H5PRBut486HD2bDqE2+rvkU0pwk9IAqGFacLFUyIx9Uw+W2eCtf6XGwsp+/strUwMNPw=="],

    "ts-mixer": ["ts-mixer@6.0.4", "", {}, "sha512-ufKpbmrugz5Aou4wcr5Wc1UUFWOLhq+Fm6qa6P0w0K5Qw2yhaUoiWszhCVuNQyNwrlGiscHOmqYoAox1PtvgjA=="],

    "tslib": ["tslib@2.8.1", "", {}, "sha512-oJFu94HQb+KVduSUQL7wnpmqnfmLsOA/nAh6b6EH0wCEoK0/mPeXU6c3wKDV83MkOuHPRHtSXKKU99IBazS/2w=="],

    "typescript": ["typescript@5.7.3", "", { "bin": { "tsc": "bin/tsc", "tsserver": "bin/tsserver" } }, "sha512-84MVSjMEHP+FQRPy3pX9sTVV/INIex71s9TL2Gm5FG/WG1SqXeKyZ0k7/blY/4FdOzI12CBy1vGc4og/eus0fw=="],

    "undici": ["undici@6.21.3", "", {}, "sha512-gBLkYIlEnSp8pFbT64yFgGE6UIB9tAkhukC23PmMDCe5Nd+cRqKxSjw5y54MK2AZMgZfJWMaNE4nYUHgi1XEOw=="],

    "undici-types": ["undici-types@6.21.0", "", {}, "sha512-iwDZqg0QAGrg9Rav5H4n0M64c3mkR59cJ6wQp+7C4nI0gsmExaedaYLNO44eT4AtBBwjbTiGPMlt2Md0T9H9JQ=="],

    "ws": ["ws@8.18.2", "", { "peerDependencies": { "bufferutil": "^4.0.1", "utf-8-validate": ">=5.0.2" }, "optionalPeers": ["bufferutil", "utf-8-validate"] }, "sha512-DMricUmwGZUVr++AEAe2uiVM7UoO9MAVZMDu05UQOaUII0lp+zOzLLU4Xqh/JvTqklB1T4uELaaPBKyjE1r4fQ=="],

    "zod": ["zod@3.25.67", "", {}, "sha512-idA2YXwpCdqUSKRCACDE6ItZD9TZzy3OZMtpfLoh6oPR47lipysRrJfjzMqFxQ3uJuUPyUeWe1r9vLH33xO/Qw=="],

    "@discordjs/rest/@discordjs/collection": ["@discordjs/collection@2.1.1", "", {}, "sha512-LiSusze9Tc7qF03sLCujF5iZp7K+vRNEDBZ86FT9aQAv3vxMLihUvKvpsCWiQ2DJq1tVckopKm1rxomgNUc9hg=="],

    "@discordjs/ws/@discordjs/collection": ["@discordjs/collection@2.1.1", "", {}, "sha512-LiSusze9Tc7qF03sLCujF5iZp7K+vRNEDBZ86FT9aQAv3vxMLihUvKvpsCWiQ2DJq1tVckopKm1rxomgNUc9hg=="],

    "@sapphire/pieces/@discordjs/collection": ["@discordjs/collection@2.1.1", "", {}, "sha512-LiSusze9Tc7qF03sLCujF5iZp7K+vRNEDBZ86FT9aQAv3vxMLihUvKvpsCWiQ2DJq1tVckopKm1rxomgNUc9hg=="],
  }
}
